
Microsoft Visual Studio Solution File, Format Version 12.00
# Visual Studio Version 17
Project("{8BC9CEB8-8B4A-11D0-8D11-00A0C91BC942}") = "ALL_BUILD", "ALL_BUILD.vcxproj", "{833CE6E2-BB18-3C88-ABED-32F1603D8443}"
	ProjectSection(ProjectDependencies) = postProject
		{A92BA478-BA34-3F67-81B0-23D913B3E74B} = {A92BA478-BA34-3F67-81B0-23D913B3E74B}
		{ACA08650-D8FA-3F4F-B18D-5EBC06E2ECD4} = {ACA08650-D8FA-3F4F-B18D-5EBC06E2ECD4}
	EndProjectSection
EndProject
Project("{8BC9CEB8-8B4A-11D0-8D11-00A0C91BC942}") = "ItalienQuiSaute", "ItalienQuiSaute.vcxproj", "{A92BA478-BA34-3F67-81B0-23D913B3E74B}"
	ProjectSection(ProjectDependencies) = postProject
		{ACA08650-D8FA-3F4F-B18D-5EBC06E2ECD4} = {ACA08650-D8FA-3F4F-B18D-5EBC06E2ECD4}
	EndProjectSection
EndProject
Project("{8BC9CEB8-8B4A-11D0-8D11-00A0C91BC942}") = "ZERO_CHECK", "ZERO_CHECK.vcxproj", "{ACA08650-D8FA-3F4F-B18D-5EBC06E2ECD4}"
	ProjectSection(ProjectDependencies) = postProject
	EndProjectSection
EndProject
Global
	GlobalSection(SolutionConfigurationPlatforms) = preSolution
		Debug|x64 = Debug|x64
		Release|x64 = Release|x64
		MinSizeRel|x64 = MinSizeRel|x64
		RelWithDebInfo|x64 = RelWithDebInfo|x64
	EndGlobalSection
	GlobalSection(ProjectConfigurationPlatforms) = postSolution
		{833CE6E2-BB18-3C88-ABED-32F1603D8443}.Debug|x64.ActiveCfg = Debug|x64
		{833CE6E2-BB18-3C88-ABED-32F1603D8443}.Release|x64.ActiveCfg = Release|x64
		{833CE6E2-BB18-3C88-ABED-32F1603D8443}.MinSizeRel|x64.ActiveCfg = MinSizeRel|x64
		{833CE6E2-BB18-3C88-ABED-32F1603D8443}.RelWithDebInfo|x64.ActiveCfg = RelWithDebInfo|x64
		{A92BA478-BA34-3F67-81B0-23D913B3E74B}.Debug|x64.ActiveCfg = Debug|x64
		{A92BA478-BA34-3F67-81B0-23D913B3E74B}.Debug|x64.Build.0 = Debug|x64
		{A92BA478-BA34-3F67-81B0-23D913B3E74B}.Release|x64.ActiveCfg = Release|x64
		{A92BA478-BA34-3F67-81B0-23D913B3E74B}.Release|x64.Build.0 = Release|x64
		{A92BA478-BA34-3F67-81B0-23D913B3E74B}.MinSizeRel|x64.ActiveCfg = MinSizeRel|x64
		{A92BA478-BA34-3F67-81B0-23D913B3E74B}.MinSizeRel|x64.Build.0 = MinSizeRel|x64
		{A92BA478-BA34-3F67-81B0-23D913B3E74B}.RelWithDebInfo|x64.ActiveCfg = RelWithDebInfo|x64
		{A92BA478-BA34-3F67-81B0-23D913B3E74B}.RelWithDebInfo|x64.Build.0 = RelWithDebInfo|x64
		{ACA08650-D8FA-3F4F-B18D-5EBC06E2ECD4}.Debug|x64.ActiveCfg = Debug|x64
		{ACA08650-D8FA-3F4F-B18D-5EBC06E2ECD4}.Debug|x64.Build.0 = Debug|x64
		{ACA08650-D8FA-3F4F-B18D-5EBC06E2ECD4}.Release|x64.ActiveCfg = Release|x64
		{ACA08650-D8FA-3F4F-B18D-5EBC06E2ECD4}.Release|x64.Build.0 = Release|x64
		{ACA08650-D8FA-3F4F-B18D-5EBC06E2ECD4}.MinSizeRel|x64.ActiveCfg = MinSizeRel|x64
		{ACA08650-D8FA-3F4F-B18D-5EBC06E2ECD4}.MinSizeRel|x64.Build.0 = MinSizeRel|x64
		{ACA08650-D8FA-3F4F-B18D-5EBC06E2ECD4}.RelWithDebInfo|x64.ActiveCfg = RelWithDebInfo|x64
		{ACA08650-D8FA-3F4F-B18D-5EBC06E2ECD4}.RelWithDebInfo|x64.Build.0 = RelWithDebInfo|x64
	EndGlobalSection
	GlobalSection(ExtensibilityGlobals) = postSolution
		SolutionGuid = {C2B7F72A-7BED-3F34-A320-113132D699AD}
	EndGlobalSection
	GlobalSection(ExtensibilityAddIns) = postSolution
	EndGlobalSection
EndGlobal
